// !$*UTF8*$!
{
	archiveVersion = 1;
	classes = {
	};
	objectVersion = 50;
	objects = {

/* Begin PBXBuildFile section */
		110C0A5021BF9CFD00B359DC /* AppDelegate.swift in Sources */ = {isa = PBXBuildFile; fileRef = 110C0A4F21BF9CFD00B359DC /* AppDelegate.swift */; };
		110C0A5221BF9CFD00B359DC /* ViewController.swift in Sources */ = {isa = PBXBuildFile; fileRef = 110C0A5121BF9CFD00B359DC /* ViewController.swift */; };
		110C0A5521BF9CFD00B359DC /* Main.storyboard in Resources */ = {isa = PBXBuildFile; fileRef = 110C0A5321BF9CFD00B359DC /* Main.storyboard */; };
		110C0A5821BF9CFD00B359DC /* DemoTow.xcdatamodeld in Sources */ = {isa = PBXBuildFile; fileRef = 110C0A5621BF9CFD00B359DC /* DemoTow.xcdatamodeld */; };
		110C0A5A21BF9CFD00B359DC /* Assets.xcassets in Resources */ = {isa = PBXBuildFile; fileRef = 110C0A5921BF9CFD00B359DC /* Assets.xcassets */; };
		110C0A5D21BF9CFD00B359DC /* LaunchScreen.storyboard in Resources */ = {isa = PBXBuildFile; fileRef = 110C0A5B21BF9CFD00B359DC /* LaunchScreen.storyboard */; };
		110C0A6821BF9CFD00B359DC /* DemoTowTests.swift in Sources */ = {isa = PBXBuildFile; fileRef = 110C0A6721BF9CFD00B359DC /* DemoTowTests.swift */; };
		110C0A7321BF9CFD00B359DC /* DemoTowUITests.swift in Sources */ = {isa = PBXBuildFile; fileRef = 110C0A7221BF9CFD00B359DC /* DemoTowUITests.swift */; };
/* End PBXBuildFile section */

/* Begin PBXContainerItemProxy section */
		110C0A6421BF9CFD00B359DC /* PBXContainerItemProxy */ = {
			isa = PBXContainerItemProxy;
			containerPortal = 110C0A4421BF9CFD00B359DC /* Project object */;
			proxyType = 1;
			remoteGlobalIDString = 110C0A4B21BF9CFD00B359DC;
			remoteInfo = DemoTow;
		};
		110C0A6F21BF9CFD00B359DC /* PBXContainerItemProxy */ = {
			isa = PBXContainerItemProxy;
			containerPortal = 110C0A4421BF9CFD00B359DC /* Project object */;
			proxyType = 1;
			remoteGlobalIDString = 110C0A4B21BF9CFD00B359DC;
			remoteInfo = DemoTow;
		};
/* End PBXContainerItemProxy section */

/* Begin PBXFileReference section */
		110C0A4C21BF9CFD00B359DC /* DemoTow.app */ = {isa = PBXFileReference; explicitFileType = wrapper.application; includeInIndex = 0; path = DemoTow.app; sourceTree = BUILT_PRODUCTS_DIR; };
		110C0A4F21BF9CFD00B359DC /* AppDelegate.swift */ = {isa = PBXFileReference; lastKnownFileType = sourcecode.swift; path = AppDelegate.swift; sourceTree = "<group>"; };
		110C0A5121BF9CFD00B359DC /* ViewController.swift */ = {isa = PBXFileReference; lastKnownFileType = sourcecode.swift; path = ViewController.swift; sourceTree = "<group>"; };
		110C0A5421BF9CFD00B359DC /* Base */ = {isa = PBXFileReference; lastKnownFileType = file.storyboard; name = Base; path = Base.lproj/Main.storyboard; sourceTree = "<group>"; };
		110C0A5721BF9CFD00B359DC /* DemoTow.xcdatamodel */ = {isa = PBXFileReference; lastKnownFileType = wrapper.xcdatamodel; path = DemoTow.xcdatamodel; sourceTree = "<group>"; };
		110C0A5921BF9CFD00B359DC /* Assets.xcassets */ = {isa = PBXFileReference; lastKnownFileType = folder.assetcatalog; path = Assets.xcassets; sourceTree = "<group>"; };
		110C0A5C21BF9CFD00B359DC /* Base */ = {isa = PBXFileReference; lastKnownFileType = file.storyboard; name = Base; path = Base.lproj/LaunchScreen.storyboard; sourceTree = "<group>"; };
		110C0A5E21BF9CFD00B359DC /* Info.plist */ = {isa = PBXFileReference; lastKnownFileType = text.plist.xml; path = Info.plist; sourceTree = "<group>"; };
		110C0A6321BF9CFD00B359DC /* DemoTowTests.xctest */ = {isa = PBXFileReference; explicitFileType = wrapper.cfbundle; includeInIndex = 0; path = DemoTowTests.xctest; sourceTree = BUILT_PRODUCTS_DIR; };
		110C0A6721BF9CFD00B359DC /* DemoTowTests.swift */ = {isa = PBXFileReference; lastKnownFileType = sourcecode.swift; path = DemoTowTests.swift; sourceTree = "<group>"; };
		110C0A6921BF9CFD00B359DC /* Info.plist */ = {isa = PBXFileReference; lastKnownFileType = text.plist.xml; path = Info.plist; sourceTree = "<group>"; };
		110C0A6E21BF9CFD00B359DC /* DemoTowUITests.xctest */ = {isa = PBXFileReference; explicitFileType = wrapper.cfbundle; includeInIndex = 0; path = DemoTowUITests.xctest; sourceTree = BUILT_PRODUCTS_DIR; };
		110C0A7221BF9CFD00B359DC /* DemoTowUITests.swift */ = {isa = PBXFileReference; lastKnownFileType = sourcecode.swift; path = DemoTowUITests.swift; sourceTree = "<group>"; };
		110C0A7421BF9CFD00B359DC /* Info.plist */ = {isa = PBXFileReference; lastKnownFileType = text.plist.xml; path = Info.plist; sourceTree = "<group>"; };
/* End PBXFileReference section */

/* Begin PBXFrameworksBuildPhase section */
		110C0A4921BF9CFD00B359DC /* Frameworks */ = {
			isa = PBXFrameworksBuildPhase;
			buildActionMask = 2147483647;
			files = (
			);
			runOnlyForDeploymentPostprocessing = 0;
		};
		110C0A6021BF9CFD00B359DC /* Frameworks */ = {
			isa = PBXFrameworksBuildPhase;
			buildActionMask = 2147483647;
			files = (
			);
			runOnlyForDeploymentPostprocessing = 0;
		};
		110C0A6B21BF9CFD00B359DC /* Frameworks */ = {
			isa = PBXFrameworksBuildPhase;
			buildActionMask = 2147483647;
			files = (
			);
			runOnlyForDeploymentPostprocessing = 0;
		};
/* End PBXFrameworksBuildPhase section */

/* Begin PBXGroup section */
		110C0A4321BF9CFD00B359DC = {
			isa = PBXGroup;
			children = (
				110C0A4E21BF9CFD00B359DC /* DemoTow */,
				110C0A6621BF9CFD00B359DC /* DemoTowTests */,
				110C0A7121BF9CFD00B359DC /* DemoTowUITests */,
				110C0A4D21BF9CFD00B359DC /* Products */,
			);
			sourceTree = "<group>";
		};
		110C0A4D21BF9CFD00B359DC /* Products */ = {
			isa = PBXGroup;
			children = (
				110C0A4C21BF9CFD00B359DC /* DemoTow.app */,
				110C0A6321BF9CFD00B359DC /* DemoTowTests.xctest */,
				110C0A6E21BF9CFD00B359DC /* DemoTowUITests.xctest */,
			);
			name = Products;
			sourceTree = "<group>";
		};
		110C0A4E21BF9CFD00B359DC /* DemoTow */ = {
			isa = PBXGroup;
			children = (
				110C0A4F21BF9CFD00B359DC /* AppDelegate.swift */,
				110C0A5121BF9CFD00B359DC /* ViewController.swift */,
				110C0A5321BF9CFD00B359DC /* Main.storyboard */,
				110C0A5921BF9CFD00B359DC /* Assets.xcassets */,
				110C0A5B21BF9CFD00B359DC /* LaunchScreen.storyboard */,
				110C0A5E21BF9CFD00B359DC /* Info.plist */,
				110C0A5621BF9CFD00B359DC /* DemoTow.xcdatamodeld */,
			);
			path = DemoTow;
			sourceTree = "<group>";
		};
		110C0A6621BF9CFD00B359DC /* DemoTowTests */ = {
			isa = PBXGroup;
			children = (
				110C0A6721BF9CFD00B359DC /* DemoTowTests.swift */,
				110C0A6921BF9CFD00B359DC /* Info.plist */,
			);
			path = DemoTowTests;
			sourceTree = "<group>";
		};
		110C0A7121BF9CFD00B359DC /* DemoTowUITests */ = {
			isa = PBXGroup;
			children = (
				110C0A7221BF9CFD00B359DC /* DemoTowUITests.swift */,
				110C0A7421BF9CFD00B359DC /* Info.plist */,
			);
			path = DemoTowUITests;
			sourceTree = "<group>";
		};
/* End PBXGroup section */

/* Begin PBXNativeTarget section */
		110C0A4B21BF9CFD00B359DC /* DemoTow */ = {
			isa = PBXNativeTarget;
			buildConfigurationList = 110C0A7721BF9CFD00B359DC /* Build configuration list for PBXNativeTarget "DemoTow" */;
			buildPhases = (
				110C0A4821BF9CFD00B359DC /* Sources */,
				110C0A4921BF9CFD00B359DC /* Frameworks */,
				110C0A4A21BF9CFD00B359DC /* Resources */,
			);
			buildRules = (
			);
			dependencies = (
			);
			name = DemoTow;
			productName = DemoTow;
			productReference = 110C0A4C21BF9CFD00B359DC /* DemoTow.app */;
			productType = "com.apple.product-type.application";
		};
		110C0A6221BF9CFD00B359DC /* DemoTowTests */ = {
			isa = PBXNativeTarget;
			buildConfigurationList = 110C0A7A21BF9CFD00B359DC /* Build configuration list for PBXNativeTarget "DemoTowTests" */;
			buildPhases = (
				110C0A5F21BF9CFD00B359DC /* Sources */,
				110C0A6021BF9CFD00B359DC /* Frameworks */,
				110C0A6121BF9CFD00B359DC /* Resources */,
			);
			buildRules = (
			);
			dependencies = (
				110C0A6521BF9CFD00B359DC /* PBXTargetDependency */,
			);
			name = DemoTowTests;
			productName = DemoTowTests;
			productReference = 110C0A6321BF9CFD00B359DC /* DemoTowTests.xctest */;
			productType = "com.apple.product-type.bundle.unit-test";
		};
		110C0A6D21BF9CFD00B359DC /* DemoTowUITests */ = {
			isa = PBXNativeTarget;
			buildConfigurationList = 110C0A7D21BF9CFD00B359DC /* Build configuration list for PBXNativeTarget "DemoTowUITests" */;
			buildPhases = (
				110C0A6A21BF9CFD00B359DC /* Sources */,
				110C0A6B21BF9CFD00B359DC /* Frameworks */,
				110C0A6C21BF9CFD00B359DC /* Resources */,
			);
			buildRules = (
			);
			dependencies = (
				110C0A7021BF9CFD00B359DC /* PBXTargetDependency */,
			);
			name = DemoTowUITests;
			productName = DemoTowUITests;
			productReference = 110C0A6E21BF9CFD00B359DC /* DemoTowUITests.xctest */;
			productType = "com.apple.product-type.bundle.ui-testing";
		};
/* End PBXNativeTarget section */

/* Begin PBXProject section */
		110C0A4421BF9CFD00B359DC /* Project object */ = {
			isa = PBXProject;
			attributes = {
				LastSwiftUpdateCheck = 1010;
				LastUpgradeCheck = 1010;
				ORGANIZATIONNAME = PengYu;
				TargetAttributes = {
					110C0A4B21BF9CFD00B359DC = {
						CreatedOnToolsVersion = 10.1;
					};
					110C0A6221BF9CFD00B359DC = {
						CreatedOnToolsVersion = 10.1;
						TestTargetID = 110C0A4B21BF9CFD00B359DC;
					};
					110C0A6D21BF9CFD00B359DC = {
						CreatedOnToolsVersion = 10.1;
						TestTargetID = 110C0A4B21BF9CFD00B359DC;
					};
				};
			};
			buildConfigurationList = 110C0A4721BF9CFD00B359DC /* Build configuration list for PBXProject "DemoTow" */;
			compatibilityVersion = "Xcode 9.3";
			developmentRegion = en;
			hasScannedForEncodings = 0;
			knownRegions = (
				en,
				Base,
			);
			mainGroup = 110C0A4321BF9CFD00B359DC;
			productRefGroup = 110C0A4D21BF9CFD00B359DC /* Products */;
			projectDirPath = "";
			projectRoot = "";
			targets = (
				110C0A4B21BF9CFD00B359DC /* DemoTow */,
				110C0A6221BF9CFD00B359DC /* DemoTowTests */,
				110C0A6D21BF9CFD00B359DC /* DemoTowUITests */,
			);
		};
/* End PBXProject section */

/* Begin PBXResourcesBuildPhase section */
		110C0A4A21BF9CFD00B359DC /* Resources */ = {
			isa = PBXResourcesBuildPhase;
			buildActionMask = 2147483647;
			files = (
				110C0A5D21BF9CFD00B359DC /* LaunchScreen.storyboard in Resources */,
				110C0A5A21BF9CFD00B359DC /* Assets.xcassets in Resources */,
				110C0A5521BF9CFD00B359DC /* Main.storyboard in Resources */,
			);
			runOnlyForDeploymentPostprocessing = 0;
		};
		110C0A6121BF9CFD00B359DC /* Resources */ = {
			isa = PBXResourcesBuildPhase;
			buildActionMask = 2147483647;
			files = (
			);
			runOnlyForDeploymentPostprocessing = 0;
		};
		110C0A6C21BF9CFD00B359DC /* Resources */ = {
			isa = PBXResourcesBuildPhase;
			buildActionMask = 2147483647;
			files = (
			);
			runOnlyForDeploymentPostprocessing = 0;
		};
/* End PBXResourcesBuildPhase section */

/* Begin PBXSourcesBuildPhase section */
		110C0A4821BF9CFD00B359DC /* Sources */ = {
			isa = PBXSourcesBuildPhase;
			buildActionMask = 2147483647;
			files = (
				110C0A5221BF9CFD00B359DC /* ViewController.swift in Sources */,
				110C0A5021BF9CFD00B359DC /* AppDelegate.swift in Sources */,
				110C0A5821BF9CFD00B359DC /* DemoTow.xcdatamodeld in Sources */,
			);
			runOnlyForDeploymentPostprocessing = 0;
		};
		110C0A5F21BF9CFD00B359DC /* Sources */ = {
			isa = PBXSourcesBuildPhase;
			buildActionMask = 2147483647;
			files = (
				110C0A6821BF9CFD00B359DC /* DemoTowTests.swift in Sources */,
			);
			runOnlyForDeploymentPostprocessing = 0;
		};
		110C0A6A21BF9CFD00B359DC /* Sources */ = {
			isa = PBXSourcesBuildPhase;
			buildActionMask = 2147483647;
			files = (
				110C0A7321BF9CFD00B359DC /* DemoTowUITests.swift in Sources */,
			);
			runOnlyForDeploymentPostprocessing = 0;
		};
/* End PBXSourcesBuildPhase section */

/* Begin PBXTargetDependency section */
		110C0A6521BF9CFD00B359DC /* PBXTargetDependency */ = {
			isa = PBXTargetDependency;
			target = 110C0A4B21BF9CFD00B359DC /* DemoTow */;
			targetProxy = 110C0A6421BF9CFD00B359DC /* PBXContainerItemProxy */;
		};
		110C0A7021BF9CFD00B359DC /* PBXTargetDependency */ = {
			isa = PBXTargetDependency;
			target = 110C0A4B21BF9CFD00B359DC /* DemoTow */;
			targetProxy = 110C0A6F21BF9CFD00B359DC /* PBXContainerItemProxy */;
		};
/* End PBXTargetDependency section */

/* Begin PBXVariantGroup section */
		110C0A5321BF9CFD00B359DC /* Main.storyboard */ = {
			isa = PBXVariantGroup;
			children = (
				110C0A5421BF9CFD00B359DC /* Base */,
			);
			name = Main.storyboard;
			sourceTree = "<group>";
		};
		110C0A5B21BF9CFD00B359DC /* LaunchScreen.storyboard */ = {
			isa = PBXVariantGroup;
			children = (
				110C0A5C21BF9CFD00B359DC /* Base */,
			);
			name = LaunchScreen.storyboard;
			sourceTree = "<group>";
		};
/* End PBXVariantGroup section */

/* Begin XCBuildConfiguration section */
		110C0A7521BF9CFD00B359DC /* Debug */ = {
			isa = XCBuildConfiguration;
			buildSettings = {
				ALWAYS_SEARCH_USER_PATHS = NO;
				CLANG_ANALYZER_NONNULL = YES;
				CLANG_ANALYZER_NUMBER_OBJECT_CONVERSION = YES_AGGRESSIVE;
				CLANG_CXX_LANGUAGE_STANDARD = "gnu++14";
				CLANG_CXX_LIBRARY = "libc++";
				CLANG_ENABLE_MODULES = YES;
				CLANG_ENABLE_OBJC_ARC = YES;
				CLANG_ENABLE_OBJC_WEAK = YES;
				CLANG_WARN_BLOCK_CAPTURE_AUTORELEASING = YES;
				CLANG_WARN_BOOL_CONVERSION = YES;
				CLANG_WARN_COMMA = YES;
				CLANG_WARN_CONSTANT_CONVERSION = YES;
				CLANG_WARN_DEPRECATED_OBJC_IMPLEMENTATIONS = YES;
				CLANG_WARN_DIRECT_OBJC_ISA_USAGE = YES_ERROR;
				CLANG_WARN_DOCUMENTATION_COMMENTS = YES;
				CLANG_WARN_EMPTY_BODY = YES;
				CLANG_WARN_ENUM_CONVERSION = YES;
				CLANG_WARN_INFINITE_RECURSION = YES;
				CLANG_WARN_INT_CONVERSION = YES;
				CLANG_WARN_NON_LITERAL_NULL_CONVERSION = YES;
				CLANG_WARN_OBJC_IMPLICIT_RETAIN_SELF = YES;
				CLANG_WARN_OBJC_LITERAL_CONVERSION = YES;
				CLANG_WARN_OBJC_ROOT_CLASS = YES_ERROR;
				CLANG_WARN_RANGE_LOOP_ANALYSIS = YES;
				CLANG_WARN_STRICT_PROTOTYPES = YES;
				CLANG_WARN_SUSPICIOUS_MOVE = YES;
				CLANG_WARN_UNGUARDED_AVAILABILITY = YES_AGGRESSIVE;
				CLANG_WARN_UNREACHABLE_CODE = YES;
				CLANG_WARN__DUPLICATE_METHOD_MATCH = YES;
				CODE_SIGN_IDENTITY = "iPhone Developer";
				COPY_PHASE_STRIP = NO;
				DEBUG_INFORMATION_FORMAT = dwarf;
				ENABLE_STRICT_OBJC_MSGSEND = YES;
				ENABLE_TESTABILITY = YES;
				GCC_C_LANGUAGE_STANDARD = gnu11;
				GCC_DYNAMIC_NO_PIC = NO;
				GCC_NO_COMMON_BLOCKS = YES;
				GCC_OPTIMIZATION_LEVEL = 0;
				GCC_PREPROCESSOR_DEFINITIONS = (
					"DEBUG=1",
					"$(inherited)",
				);
				GCC_WARN_64_TO_32_BIT_CONVERSION = YES;
				GCC_WARN_ABOUT_RETURN_TYPE = YES_ERROR;
				GCC_WARN_UNDECLARED_SELECTOR = YES;
				GCC_WARN_UNINITIALIZED_AUTOS = YES_AGGRESSIVE;
				GCC_WARN_UNUSED_FUNCTION = YES;
				GCC_WARN_UNUSED_VARIABLE = YES;
				IPHONEOS_DEPLOYMENT_TARGET = 12.1;
				MTL_ENABLE_DEBUG_INFO = INCLUDE_SOURCE;
				MTL_FAST_MATH = YES;
				ONLY_ACTIVE_ARCH = YES;
				SDKROOT = iphoneos;
				SWIFT_ACTIVE_COMPILATION_CONDITIONS = DEBUG;
				SWIFT_OPTIMIZATION_LEVEL = "-Onone";
			};
			name = Debug;
		};
		110C0A7621BF9CFD00B359DC /* Release */ = {
			isa = XCBuildConfiguration;
			buildSettings = {
				ALWAYS_SEARCH_USER_PATHS = NO;
				CLANG_ANALYZER_NONNULL = YES;
				CLANG_ANALYZER_NUMBER_OBJECT_CONVERSION = YES_AGGRESSIVE;
				CLANG_CXX_LANGUAGE_STANDARD = "gnu++14";
				CLANG_CXX_LIBRARY = "libc++";
				CLANG_ENABLE_MODULES = YES;
				CLANG_ENABLE_OBJC_ARC = YES;
				CLANG_ENABLE_OBJC_WEAK = YES;
				CLANG_WARN_BLOCK_CAPTURE_AUTORELEASING = YES;
				CLANG_WARN_BOOL_CONVERSION = YES;
				CLANG_WARN_COMMA = YES;
				CLANG_WARN_CONSTANT_CONVERSION = YES;
				CLANG_WARN_DEPRECATED_OBJC_IMPLEMENTATIONS = YES;
				CLANG_WARN_DIRECT_OBJC_ISA_USAGE = YES_ERROR;
				CLANG_WARN_DOCUMENTATION_COMMENTS = YES;
				CLANG_WARN_EMPTY_BODY = YES;
				CLANG_WARN_ENUM_CONVERSION = YES;
				CLANG_WARN_INFINITE_RECURSION = YES;
				CLANG_WARN_INT_CONVERSION = YES;
				CLANG_WARN_NON_LITERAL_NULL_CONVERSION = YES;
				CLANG_WARN_OBJC_IMPLICIT_RETAIN_SELF = YES;
				CLANG_WARN_OBJC_LITERAL_CONVERSION = YES;
				CLANG_WARN_OBJC_ROOT_CLASS = YES_ERROR;
				CLANG_WARN_RANGE_LOOP_ANALYSIS = YES;
				CLANG_WARN_STRICT_PROTOTYPES = YES;
				CLANG_WARN_SUSPICIOUS_MOVE = YES;
				CLANG_WARN_UNGUARDED_AVAILABILITY = YES_AGGRESSIVE;
				CLANG_WARN_UNREACHABLE_CODE = YES;
				CLANG_WARN__DUPLICATE_METHOD_MATCH = YES;
				CODE_SIGN_IDENTITY = "iPhone Developer";
				COPY_PHASE_STRIP = NO;
				DEBUG_INFORMATION_FORMAT = "dwarf-with-dsym";
				ENABLE_NS_ASSERTIONS = NO;
				ENABLE_STRICT_OBJC_MSGSEND = YES;
				GCC_C_LANGUAGE_STANDARD = gnu11;
				GCC_NO_COMMON_BLOCKS = YES;
				GCC_WARN_64_TO_32_BIT_CONVERSION = YES;
				GCC_WARN_ABOUT_RETURN_TYPE = YES_ERROR;
				GCC_WARN_UNDECLARED_SELECTOR = YES;
				GCC_WARN_UNINITIALIZED_AUTOS = YES_AGGRESSIVE;
				GCC_WARN_UNUSED_FUNCTION = YES;
				GCC_WARN_UNUSED_VARIABLE = YES;
				IPHONEOS_DEPLOYMENT_TARGET = 12.1;
				MTL_ENABLE_DEBUG_INFO = NO;
				MTL_FAST_MATH = YES;
				SDKROOT = iphoneos;
				SWIFT_COMPILATION_MODE = wholemodule;
				SWIFT_OPTIMIZATION_LEVEL = "-O";
				VALIDATE_PRODUCT = YES;
			};
			name = Release;
		};
		110C0A7821BF9CFD00B359DC /* Debug */ = {
			isa = XCBuildConfiguration;
			buildSettings = {
				ASSETCATALOG_COMPILER_APPICON_NAME = AppIcon;
				CODE_SIGN_STYLE = Automatic;
				INFOPLIST_FILE = DemoTow/Info.plist;
				LD_RUNPATH_SEARCH_PATHS = (
					"$(inherited)",
					"@executable_path/Frameworks",
				);
				PRODUCT_BUNDLE_IDENTIFIER = come.pengyu.DemoTow;
				PRODUCT_NAME = "$(TARGET_NAME)";
				SWIFT_VERSION = 4.2;
				TARGETED_DEVICE_FAMILY = "1,2";
			};
			name = Debug;
		};
		110C0A7921BF9CFD00B359DC /* Release */ = {
			isa = XCBuildConfiguration;
			buildSettings = {
				ASSETCATALOG_COMPILER_APPICON_NAME = AppIcon;
				CODE_SIGN_STYLE = Automatic;
				INFOPLIST_FILE = DemoTow/Info.plist;
				LD_RUNPATH_SEARCH_PATHS = (
					"$(inherited)",
					"@executable_path/Frameworks",
				);
				PRODUCT_BUNDLE_IDENTIFIER = come.pengyu.DemoTow;
				PRODUCT_NAME = "$(TARGET_NAME)";
				SWIFT_VERSION = 4.2;
				TARGETED_DEVICE_FAMILY = "1,2";
			};
			name = Release;
		};
		110C0A7B21BF9CFD00B359DC /* Debug */ = {
			isa = XCBuildConfiguration;
			buildSettings = {
				ALWAYS_EMBED_SWIFT_STANDARD_LIBRARIES = YES;
				BUNDLE_LOADER = "$(TEST_HOST)";
				CODE_SIGN_STYLE = Automatic;
				INFOPLIST_FILE = DemoTowTests/Info.plist;
				LD_RUNPATH_SEARCH_PATHS = (
					"$(inherited)",
					"@executable_path/Frameworks",
					"@loader_path/Frameworks",
				);
				PRODUCT_BUNDLE_IDENTIFIER = come.pengyu.DemoTowTests;
				PRODUCT_NAME = "$(TARGET_NAME)";
				SWIFT_VERSION = 4.2;
				TARGETED_DEVICE_FAMILY = "1,2";
				TEST_HOST = "$(BUILT_PRODUCTS_DIR)/DemoTow.app/DemoTow";
			};
			name = Debug;
		};
		110C0A7C21BF9CFD00B359DC /* Release */ = {
			isa = XCBuildConfiguration;
			buildSettings = {
				ALWAYS_EMBED_SWIFT_STANDARD_LIBRARIES = YES;
				BUNDLE_LOADER = "$(TEST_HOST)";
				CODE_SIGN_STYLE = Automatic;
				INFOPLIST_FILE = DemoTowTests/Info.plist;
				LD_RUNPATH_SEARCH_PATHS = (
					"$(inherited)",
					"@executable_path/Frameworks",
					"@loader_path/Frameworks",
				);
				PRODUCT_BUNDLE_IDENTIFIER = come.pengyu.DemoTowTests;
				PRODUCT_NAME = "$(TARGET_NAME)";
				SWIFT_VERSION = 4.2;
				TARGETED_DEVICE_FAMILY = "1,2";
				TEST_HOST = "$(BUILT_PRODUCTS_DIR)/DemoTow.app/DemoTow";
			};
			name = Release;
		};
		110C0A7E21BF9CFD00B359DC /* Debug */ = {
			isa = XCBuildConfiguration;
			buildSettings = {
				ALWAYS_EMBED_SWIFT_STANDARD_LIBRARIES = YES;
				CODE_SIGN_STYLE = Automatic;
				INFOPLIST_FILE = DemoTowUITests/Info.plist;
				LD_RUNPATH_SEARCH_PATHS = (
					"$(inherited)",
					"@executable_path/Frameworks",
					"@loader_path/Frameworks",
				);
				PRODUCT_BUNDLE_IDENTIFIER = come.pengyu.DemoTowUITests;
				PRODUCT_NAME = "$(TARGET_NAME)";
				SWIFT_VERSION = 4.2;
				TARGETED_DEVICE_FAMILY = "1,2";
				TEST_TARGET_NAME = DemoTow;
			};
			name = Debug;
		};
		110C0A7F21BF9CFD00B359DC /* Release */ = {
			isa = XCBuildConfiguration;
			buildSettings = {
				ALWAYS_EMBED_SWIFT_STANDARD_LIBRARIES = YES;
				CODE_SIGN_STYLE = Automatic;
				INFOPLIST_FILE = DemoTowUITests/Info.plist;
				LD_RUNPATH_SEARCH_PATHS = (
					"$(inherited)",
					"@executable_path/Frameworks",
					"@loader_path/Frameworks",
				);
				PRODUCT_BUNDLE_IDENTIFIER = come.pengyu.DemoTowUITests;
				PRODUCT_NAME = "$(TARGET_NAME)";
				SWIFT_VERSION = 4.2;
				TARGETED_DEVICE_FAMILY = "1,2";
				TEST_TARGET_NAME = DemoTow;
			};
			name = Release;
		};
/* End XCBuildConfiguration section */

/* Begin XCConfigurationList section */
		110C0A4721BF9CFD00B359DC /* Build configuration list for PBXProject "DemoTow" */ = {
			isa = XCConfigurationList;
			buildConfigurations = (
				110C0A7521BF9CFD00B359DC /* Debug */,
				110C0A7621BF9CFD00B359DC /* Release */,
			);
			defaultConfigurationIsVisible = 0;
			defaultConfigurationName = Release;
		};
		110C0A7721BF9CFD00B359DC /* Build configuration list for PBXNativeTarget "DemoTow" */ = {
			isa = XCConfigurationList;
			buildConfigurations = (
				110C0A7821BF9CFD00B359DC /* Debug */,
				110C0A7921BF9CFD00B359DC /* Release */,
			);
			defaultConfigurationIsVisible = 0;
			defaultConfigurationName = Release;
		};
		110C0A7A21BF9CFD00B359DC /* Build configuration list for PBXNativeTarget "DemoTowTests" */ = {
			isa = XCConfigurationList;
			buildConfigurations = (
				110C0A7B21BF9CFD00B359DC /* Debug */,
				110C0A7C21BF9CFD00B359DC /* Release */,
			);
			defaultConfigurationIsVisible = 0;
			defaultConfigurationName = Release;
		};
		110C0A7D21BF9CFD00B359DC /* Build configuration list for PBXNativeTarget "DemoTowUITests" */ = {
			isa = XCConfigurationList;
			buildConfigurations = (
				110C0A7E21BF9CFD00B359DC /* Debug */,
				110C0A7F21BF9CFD00B359DC /* Release */,
			);
			defaultConfigurationIsVisible = 0;
			defaultConfigurationName = Release;
		};
/* End XCConfigurationList section */

/* Begin XCVersionGroup section */
		110C0A5621BF9CFD00B359DC /* DemoTow.xcdatamodeld */ = {
			isa = XCVersionGroup;
			children = (
				110C0A5721BF9CFD00B359DC /* DemoTow.xcdatamodel */,
			);
			currentVersion = 110C0A5721BF9CFD00B359DC /* DemoTow.xcdatamodel */;
			path = DemoTow.xcdatamodeld;
			sourceTree = "<group>";
			versionGroupType = wrapper.xcdatamodel;
		};
/* End XCVersionGroup section */
	};
	rootObject = 110C0A4421BF9CFD00B359DC /* Project object */;
}
